// !$*UTF8*$!
{
	archiveVersion = 1;
	classes = {
	};
	objectVersion = 46;
	objects = {

/* Begin PBXBuildFile section */
		2F331F811C73C4E8003A9595 /* AppDelegate.swift in Sources */ = {isa = PBXBuildFile; fileRef = 2F331F801C73C4E8003A9595 /* AppDelegate.swift */; };
		2F331F831C73C4E8003A9595 /* ViewController.swift in Sources */ = {isa = PBXBuildFile; fileRef = 2F331F821C73C4E8003A9595 /* ViewController.swift */; };
		2F331F861C73C4E8003A9595 /* Main.storyboard in Resources */ = {isa = PBXBuildFile; fileRef = 2F331F841C73C4E8003A9595 /* Main.storyboard */; };
		2F331F881C73C4E8003A9595 /* Assets.xcassets in Resources */ = {isa = PBXBuildFile; fileRef = 2F331F871C73C4E8003A9595 /* Assets.xcassets */; };
		2F331F8B1C73C4E8003A9595 /* LaunchScreen.storyboard in Resources */ = {isa = PBXBuildFile; fileRef = 2F331F891C73C4E8003A9595 /* LaunchScreen.storyboard */; };
		2F331F961C73C4E9003A9595 /* stack_views_exerciseTests.swift in Sources */ = {isa = PBXBuildFile; fileRef = 2F331F951C73C4E9003A9595 /* stack_views_exerciseTests.swift */; };
		2F331FA11C73C4E9003A9595 /* stack_views_exerciseUITests.swift in Sources */ = {isa = PBXBuildFile; fileRef = 2F331FA01C73C4E9003A9595 /* stack_views_exerciseUITests.swift */; };
/* End PBXBuildFile section */

/* Begin PBXContainerItemProxy section */
		2F331F921C73C4E9003A9595 /* PBXContainerItemProxy */ = {
			isa = PBXContainerItemProxy;
			containerPortal = 2F331F751C73C4E8003A9595 /* Project object */;
			proxyType = 1;
			remoteGlobalIDString = 2F331F7C1C73C4E8003A9595;
			remoteInfo = "stack-views-exercise";
		};
		2F331F9D1C73C4E9003A9595 /* PBXContainerItemProxy */ = {
			isa = PBXContainerItemProxy;
			containerPortal = 2F331F751C73C4E8003A9595 /* Project object */;
			proxyType = 1;
			remoteGlobalIDString = 2F331F7C1C73C4E8003A9595;
			remoteInfo = "stack-views-exercise";
		};
/* End PBXContainerItemProxy section */

/* Begin PBXFileReference section */
		2F331F7D1C73C4E8003A9595 /* stack-views-exercise.app */ = {isa = PBXFileReference; explicitFileType = wrapper.application; includeInIndex = 0; path = "stack-views-exercise.app"; sourceTree = BUILT_PRODUCTS_DIR; };
		2F331F801C73C4E8003A9595 /* AppDelegate.swift */ = {isa = PBXFileReference; lastKnownFileType = sourcecode.swift; path = AppDelegate.swift; sourceTree = "<group>"; };
		2F331F821C73C4E8003A9595 /* ViewController.swift */ = {isa = PBXFileReference; lastKnownFileType = sourcecode.swift; path = ViewController.swift; sourceTree = "<group>"; };
		2F331F851C73C4E8003A9595 /* Base */ = {isa = PBXFileReference; lastKnownFileType = file.storyboard; name = Base; path = Base.lproj/Main.storyboard; sourceTree = "<group>"; };
		2F331F871C73C4E8003A9595 /* Assets.xcassets */ = {isa = PBXFileReference; lastKnownFileType = folder.assetcatalog; path = Assets.xcassets; sourceTree = "<group>"; };
		2F331F8A1C73C4E8003A9595 /* Base */ = {isa = PBXFileReference; lastKnownFileType = file.storyboard; name = Base; path = Base.lproj/LaunchScreen.storyboard; sourceTree = "<group>"; };
		2F331F8C1C73C4E8003A9595 /* Info.plist */ = {isa = PBXFileReference; lastKnownFileType = text.plist.xml; path = Info.plist; sourceTree = "<group>"; };
		2F331F911C73C4E9003A9595 /* stack-views-exerciseTests.xctest */ = {isa = PBXFileReference; explicitFileType = wrapper.cfbundle; includeInIndex = 0; path = "stack-views-exerciseTests.xctest"; sourceTree = BUILT_PRODUCTS_DIR; };
		2F331F951C73C4E9003A9595 /* stack_views_exerciseTests.swift */ = {isa = PBXFileReference; lastKnownFileType = sourcecode.swift; path = stack_views_exerciseTests.swift; sourceTree = "<group>"; };
		2F331F971C73C4E9003A9595 /* Info.plist */ = {isa = PBXFileReference; lastKnownFileType = text.plist.xml; path = Info.plist; sourceTree = "<group>"; };
		2F331F9C1C73C4E9003A9595 /* stack-views-exerciseUITests.xctest */ = {isa = PBXFileReference; explicitFileType = wrapper.cfbundle; includeInIndex = 0; path = "stack-views-exerciseUITests.xctest"; sourceTree = BUILT_PRODUCTS_DIR; };
		2F331FA01C73C4E9003A9595 /* stack_views_exerciseUITests.swift */ = {isa = PBXFileReference; lastKnownFileType = sourcecode.swift; path = stack_views_exerciseUITests.swift; sourceTree = "<group>"; };
		2F331FA21C73C4E9003A9595 /* Info.plist */ = {isa = PBXFileReference; lastKnownFileType = text.plist.xml; path = Info.plist; sourceTree = "<group>"; };
/* End PBXFileReference section */

/* Begin PBXFrameworksBuildPhase section */
		2F331F7A1C73C4E8003A9595 /* Frameworks */ = {
			isa = PBXFrameworksBuildPhase;
			buildActionMask = 2147483647;
			files = (
			);
			runOnlyForDeploymentPostprocessing = 0;
		};
		2F331F8E1C73C4E9003A9595 /* Frameworks */ = {
			isa = PBXFrameworksBuildPhase;
			buildActionMask = 2147483647;
			files = (
			);
			runOnlyForDeploymentPostprocessing = 0;
		};
		2F331F991C73C4E9003A9595 /* Frameworks */ = {
			isa = PBXFrameworksBuildPhase;
			buildActionMask = 2147483647;
			files = (
			);
			runOnlyForDeploymentPostprocessing = 0;
		};
/* End PBXFrameworksBuildPhase section */

/* Begin PBXGroup section */
		2F331F741C73C4E8003A9595 = {
			isa = PBXGroup;
			children = (
				2F331F7F1C73C4E8003A9595 /* stack-views-exercise */,
				2F331F941C73C4E9003A9595 /* stack-views-exerciseTests */,
				2F331F9F1C73C4E9003A9595 /* stack-views-exerciseUITests */,
				2F331F7E1C73C4E8003A9595 /* Products */,
			);
			sourceTree = "<group>";
		};
		2F331F7E1C73C4E8003A9595 /* Products */ = {
			isa = PBXGroup;
			children = (
				2F331F7D1C73C4E8003A9595 /* stack-views-exercise.app */,
				2F331F911C73C4E9003A9595 /* stack-views-exerciseTests.xctest */,
				2F331F9C1C73C4E9003A9595 /* stack-views-exerciseUITests.xctest */,
			);
			name = Products;
			sourceTree = "<group>";
		};
		2F331F7F1C73C4E8003A9595 /* stack-views-exercise */ = {
			isa = PBXGroup;
			children = (
				2F331F801C73C4E8003A9595 /* AppDelegate.swift */,
				2F331F821C73C4E8003A9595 /* ViewController.swift */,
				2F331F841C73C4E8003A9595 /* Main.storyboard */,
				2F331F871C73C4E8003A9595 /* Assets.xcassets */,
				2F331F891C73C4E8003A9595 /* LaunchScreen.storyboard */,
				2F331F8C1C73C4E8003A9595 /* Info.plist */,
			);
			path = "stack-views-exercise";
			sourceTree = "<group>";
		};
		2F331F941C73C4E9003A9595 /* stack-views-exerciseTests */ = {
			isa = PBXGroup;
			children = (
				2F331F951C73C4E9003A9595 /* stack_views_exerciseTests.swift */,
				2F331F971C73C4E9003A9595 /* Info.plist */,
			);
			path = "stack-views-exerciseTests";
			sourceTree = "<group>";
		};
		2F331F9F1C73C4E9003A9595 /* stack-views-exerciseUITests */ = {
			isa = PBXGroup;
			children = (
				2F331FA01C73C4E9003A9595 /* stack_views_exerciseUITests.swift */,
				2F331FA21C73C4E9003A9595 /* Info.plist */,
			);
			path = "stack-views-exerciseUITests";
			sourceTree = "<group>";
		};
/* End PBXGroup section */

/* Begin PBXNativeTarget section */
		2F331F7C1C73C4E8003A9595 /* stack-views-exercise */ = {
			isa = PBXNativeTarget;
			buildConfigurationList = 2F331FA51C73C4E9003A9595 /* Build configuration list for PBXNativeTarget "stack-views-exercise" */;
			buildPhases = (
				2F331F791C73C4E8003A9595 /* Sources */,
				2F331F7A1C73C4E8003A9595 /* Frameworks */,
				2F331F7B1C73C4E8003A9595 /* Resources */,
			);
			buildRules = (
			);
			dependencies = (
			);
			name = "stack-views-exercise";
			productName = "stack-views-exercise";
			productReference = 2F331F7D1C73C4E8003A9595 /* stack-views-exercise.app */;
			productType = "com.apple.product-type.application";
		};
		2F331F901C73C4E9003A9595 /* stack-views-exerciseTests */ = {
			isa = PBXNativeTarget;
			buildConfigurationList = 2F331FA81C73C4E9003A9595 /* Build configuration list for PBXNativeTarget "stack-views-exerciseTests" */;
			buildPhases = (
				2F331F8D1C73C4E9003A9595 /* Sources */,
				2F331F8E1C73C4E9003A9595 /* Frameworks */,
				2F331F8F1C73C4E9003A9595 /* Resources */,
			);
			buildRules = (
			);
			dependencies = (
				2F331F931C73C4E9003A9595 /* PBXTargetDependency */,
			);
			name = "stack-views-exerciseTests";
			productName = "stack-views-exerciseTests";
			productReference = 2F331F911C73C4E9003A9595 /* stack-views-exerciseTests.xctest */;
			productType = "com.apple.product-type.bundle.unit-test";
		};
		2F331F9B1C73C4E9003A9595 /* stack-views-exerciseUITests */ = {
			isa = PBXNativeTarget;
			buildConfigurationList = 2F331FAB1C73C4E9003A9595 /* Build configuration list for PBXNativeTarget "stack-views-exerciseUITests" */;
			buildPhases = (
				2F331F981C73C4E9003A9595 /* Sources */,
				2F331F991C73C4E9003A9595 /* Frameworks */,
				2F331F9A1C73C4E9003A9595 /* Resources */,
			);
			buildRules = (
			);
			dependencies = (
				2F331F9E1C73C4E9003A9595 /* PBXTargetDependency */,
			);
			name = "stack-views-exerciseUITests";
			productName = "stack-views-exerciseUITests";
			productReference = 2F331F9C1C73C4E9003A9595 /* stack-views-exerciseUITests.xctest */;
			productType = "com.apple.product-type.bundle.ui-testing";
		};
/* End PBXNativeTarget section */

/* Begin PBXProject section */
		2F331F751C73C4E8003A9595 /* Project object */ = {
			isa = PBXProject;
			attributes = {
				LastSwiftUpdateCheck = 0720;
				LastUpgradeCheck = 0720;
				ORGANIZATIONNAME = "A-Tek";
				TargetAttributes = {
					2F331F7C1C73C4E8003A9595 = {
						CreatedOnToolsVersion = 7.2;
					};
					2F331F901C73C4E9003A9595 = {
						CreatedOnToolsVersion = 7.2;
						TestTargetID = 2F331F7C1C73C4E8003A9595;
					};
					2F331F9B1C73C4E9003A9595 = {
						CreatedOnToolsVersion = 7.2;
						TestTargetID = 2F331F7C1C73C4E8003A9595;
					};
				};
			};
			buildConfigurationList = 2F331F781C73C4E8003A9595 /* Build configuration list for PBXProject "stack-views-exercise" */;
			compatibilityVersion = "Xcode 3.2";
			developmentRegion = English;
			hasScannedForEncodings = 0;
			knownRegions = (
				en,
				Base,
			);
			mainGroup = 2F331F741C73C4E8003A9595;
			productRefGroup = 2F331F7E1C73C4E8003A9595 /* Products */;
			projectDirPath = "";
			projectRoot = "";
			targets = (
				2F331F7C1C73C4E8003A9595 /* stack-views-exercise */,
				2F331F901C73C4E9003A9595 /* stack-views-exerciseTests */,
				2F331F9B1C73C4E9003A9595 /* stack-views-exerciseUITests */,
			);
		};
/* End PBXProject section */

/* Begin PBXResourcesBuildPhase section */
		2F331F7B1C73C4E8003A9595 /* Resources */ = {
			isa = PBXResourcesBuildPhase;
			buildActionMask = 2147483647;
			files = (
				2F331F8B1C73C4E8003A9595 /* LaunchScreen.storyboard in Resources */,
				2F331F881C73C4E8003A9595 /* Assets.xcassets in Resources */,
				2F331F861C73C4E8003A9595 /* Main.storyboard in Resources */,
			);
			runOnlyForDeploymentPostprocessing = 0;
		};
		2F331F8F1C73C4E9003A9595 /* Resources */ = {
			isa = PBXResourcesBuildPhase;
			buildActionMask = 2147483647;
			files = (
			);
			runOnlyForDeploymentPostprocessing = 0;
		};
		2F331F9A1C73C4E9003A9595 /* Resources */ = {
			isa = PBXResourcesBuildPhase;
			buildActionMask = 2147483647;
			files = (
			);
			runOnlyForDeploymentPostprocessing = 0;
		};
/* End PBXResourcesBuildPhase section */

/* Begin PBXSourcesBuildPhase section */
		2F331F791C73C4E8003A9595 /* Sources */ = {
			isa = PBXSourcesBuildPhase;
			buildActionMask = 2147483647;
			files = (
				2F331F831C73C4E8003A9595 /* ViewController.swift in Sources */,
				2F331F811C73C4E8003A9595 /* AppDelegate.swift in Sources */,
			);
			runOnlyForDeploymentPostprocessing = 0;
		};
		2F331F8D1C73C4E9003A9595 /* Sources */ = {
			isa = PBXSourcesBuildPhase;
			buildActionMask = 2147483647;
			files = (
				2F331F961C73C4E9003A9595 /* stack_views_exerciseTests.swift in Sources */,
			);
			runOnlyForDeploymentPostprocessing = 0;
		};
		2F331F981C73C4E9003A9595 /* Sources */ = {
			isa = PBXSourcesBuildPhase;
			buildActionMask = 2147483647;
			files = (
				2F331FA11C73C4E9003A9595 /* stack_views_exerciseUITests.swift in Sources */,
			);
			runOnlyForDeploymentPostprocessing = 0;
		};
/* End PBXSourcesBuildPhase section */

/* Begin PBXTargetDependency section */
		2F331F931C73C4E9003A9595 /* PBXTargetDependency */ = {
			isa = PBXTargetDependency;
			target = 2F331F7C1C73C4E8003A9595 /* stack-views-exercise */;
			targetProxy = 2F331F921C73C4E9003A9595 /* PBXContainerItemProxy */;
		};
		2F331F9E1C73C4E9003A9595 /* PBXTargetDependency */ = {
			isa = PBXTargetDependency;
			target = 2F331F7C1C73C4E8003A9595 /* stack-views-exercise */;
			targetProxy = 2F331F9D1C73C4E9003A9595 /* PBXContainerItemProxy */;
		};
/* End PBXTargetDependency section */

/* Begin PBXVariantGroup section */
		2F331F841C73C4E8003A9595 /* Main.storyboard */ = {
			isa = PBXVariantGroup;
			children = (
				2F331F851C73C4E8003A9595 /* Base */,
			);
			name = Main.storyboard;
			sourceTree = "<group>";
		};
		2F331F891C73C4E8003A9595 /* LaunchScreen.storyboard */ = {
			isa = PBXVariantGroup;
			children = (
				2F331F8A1C73C4E8003A9595 /* Base */,
			);
			name = LaunchScreen.storyboard;
			sourceTree = "<group>";
		};
/* End PBXVariantGroup section */

/* Begin XCBuildConfiguration section */
		2F331FA31C73C4E9003A9595 /* Debug */ = {
			isa = XCBuildConfiguration;
			buildSettings = {
				ALWAYS_SEARCH_USER_PATHS = NO;
				CLANG_CXX_LANGUAGE_STANDARD = "gnu++0x";
				CLANG_CXX_LIBRARY = "libc++";
				CLANG_ENABLE_MODULES = YES;
				CLANG_ENABLE_OBJC_ARC = YES;
				CLANG_WARN_BOOL_CONVERSION = YES;
				CLANG_WARN_CONSTANT_CONVERSION = YES;
				CLANG_WARN_DIRECT_OBJC_ISA_USAGE = YES_ERROR;
				CLANG_WARN_EMPTY_BODY = YES;
				CLANG_WARN_ENUM_CONVERSION = YES;
				CLANG_WARN_INT_CONVERSION = YES;
				CLANG_WARN_OBJC_ROOT_CLASS = YES_ERROR;
				CLANG_WARN_UNREACHABLE_CODE = YES;
				CLANG_WARN__DUPLICATE_METHOD_MATCH = YES;
				"CODE_SIGN_IDENTITY[sdk=iphoneos*]" = "iPhone Developer";
				COPY_PHASE_STRIP = NO;
				DEBUG_INFORMATION_FORMAT = dwarf;
				ENABLE_STRICT_OBJC_MSGSEND = YES;
				ENABLE_TESTABILITY = YES;
				GCC_C_LANGUAGE_STANDARD = gnu99;
				GCC_DYNAMIC_NO_PIC = NO;
				GCC_NO_COMMON_BLOCKS = YES;
				GCC_OPTIMIZATION_LEVEL = 0;
				GCC_PREPROCESSOR_DEFINITIONS = (
					"DEBUG=1",
					"$(inherited)",
				);
				GCC_WARN_64_TO_32_BIT_CONVERSION = YES;
				GCC_WARN_ABOUT_RETURN_TYPE = YES_ERROR;
				GCC_WARN_UNDECLARED_SELECTOR = YES;
				GCC_WARN_UNINITIALIZED_AUTOS = YES_AGGRESSIVE;
				GCC_WARN_UNUSED_FUNCTION = YES;
				GCC_WARN_UNUSED_VARIABLE = YES;
				IPHONEOS_DEPLOYMENT_TARGET = 9.2;
				MTL_ENABLE_DEBUG_INFO = YES;
				ONLY_ACTIVE_ARCH = YES;
				SDKROOT = iphoneos;
				SWIFT_OPTIMIZATION_LEVEL = "-Onone";
				TARGETED_DEVICE_FAMILY = "1,2";
			};
			name = Debug;
		};
		2F331FA41C73C4E9003A9595 /* Release */ = {
			isa = XCBuildConfiguration;
			buildSettings = {
				ALWAYS_SEARCH_USER_PATHS = NO;
				CLANG_CXX_LANGUAGE_STANDARD = "gnu++0x";
				CLANG_CXX_LIBRARY = "libc++";
				CLANG_ENABLE_MODULES = YES;
				CLANG_ENABLE_OBJC_ARC = YES;
				CLANG_WARN_BOOL_CONVERSION = YES;
				CLANG_WARN_CONSTANT_CONVERSION = YES;
				CLANG_WARN_DIRECT_OBJC_ISA_USAGE = YES_ERROR;
				CLANG_WARN_EMPTY_BODY = YES;
				CLANG_WARN_ENUM_CONVERSION = YES;
				CLANG_WARN_INT_CONVERSION = YES;
				CLANG_WARN_OBJC_ROOT_CLASS = YES_ERROR;
				CLANG_WARN_UNREACHABLE_CODE = YES;
				CLANG_WARN__DUPLICATE_METHOD_MATCH = YES;
				"CODE_SIGN_IDENTITY[sdk=iphoneos*]" = "iPhone Developer";
				COPY_PHASE_STRIP = NO;
				DEBUG_INFORMATION_FORMAT = "dwarf-with-dsym";
				ENABLE_NS_ASSERTIONS = NO;
				ENABLE_STRICT_OBJC_MSGSEND = YES;
				GCC_C_LANGUAGE_STANDARD = gnu99;
				GCC_NO_COMMON_BLOCKS = YES;
				GCC_WARN_64_TO_32_BIT_CONVERSION = YES;
				GCC_WARN_ABOUT_RETURN_TYPE = YES_ERROR;
				GCC_WARN_UNDECLARED_SELECTOR = YES;
				GCC_WARN_UNINITIALIZED_AUTOS = YES_AGGRESSIVE;
				GCC_WARN_UNUSED_FUNCTION = YES;
				GCC_WARN_UNUSED_VARIABLE = YES;
				IPHONEOS_DEPLOYMENT_TARGET = 9.2;
				MTL_ENABLE_DEBUG_INFO = NO;
				SDKROOT = iphoneos;
				TARGETED_DEVICE_FAMILY = "1,2";
				VALIDATE_PRODUCT = YES;
			};
			name = Release;
		};
		2F331FA61C73C4E9003A9595 /* Debug */ = {
			isa = XCBuildConfiguration;
			buildSettings = {
				ASSETCATALOG_COMPILER_APPICON_NAME = AppIcon;
				INFOPLIST_FILE = "stack-views-exercise/Info.plist";
				LD_RUNPATH_SEARCH_PATHS = "$(inherited) @executable_path/Frameworks";
				PRODUCT_BUNDLE_IDENTIFIER = "com.a-tek.stack-views-exercise";
				PRODUCT_NAME = "$(TARGET_NAME)";
			};
			name = Debug;
		};
		2F331FA71C73C4E9003A9595 /* Release */ = {
			isa = XCBuildConfiguration;
			buildSettings = {
				ASSETCATALOG_COMPILER_APPICON_NAME = AppIcon;
				INFOPLIST_FILE = "stack-views-exercise/Info.plist";
				LD_RUNPATH_SEARCH_PATHS = "$(inherited) @executable_path/Frameworks";
				PRODUCT_BUNDLE_IDENTIFIER = "com.a-tek.stack-views-exercise";
				PRODUCT_NAME = "$(TARGET_NAME)";
			};
			name = Release;
		};
		2F331FA91C73C4E9003A9595 /* Debug */ = {
			isa = XCBuildConfiguration;
			buildSettings = {
				BUNDLE_LOADER = "$(TEST_HOST)";
				INFOPLIST_FILE = "stack-views-exerciseTests/Info.plist";
				LD_RUNPATH_SEARCH_PATHS = "$(inherited) @executable_path/Frameworks @loader_path/Frameworks";
				PRODUCT_BUNDLE_IDENTIFIER = "com.a-tek.stack-views-exerciseTests";
				PRODUCT_NAME = "$(TARGET_NAME)";
				TEST_HOST = "$(BUILT_PRODUCTS_DIR)/stack-views-exercise.app/stack-views-exercise";
			};
			name = Debug;
		};
		2F331FAA1C73C4E9003A9595 /* Release */ = {
			isa = XCBuildConfiguration;
			buildSettings = {
				BUNDLE_LOADER = "$(TEST_HOST)";
				INFOPLIST_FILE = "stack-views-exerciseTests/Info.plist";
				LD_RUNPATH_SEARCH_PATHS = "$(inherited) @executable_path/Frameworks @loader_path/Frameworks";
				PRODUCT_BUNDLE_IDENTIFIER = "com.a-tek.stack-views-exerciseTests";
				PRODUCT_NAME = "$(TARGET_NAME)";
				TEST_HOST = "$(BUILT_PRODUCTS_DIR)/stack-views-exercise.app/stack-views-exercise";
			};
			name = Release;
		};
		2F331FAC1C73C4E9003A9595 /* Debug */ = {
			isa = XCBuildConfiguration;
			buildSettings = {
				INFOPLIST_FILE = "stack-views-exerciseUITests/Info.plist";
				LD_RUNPATH_SEARCH_PATHS = "$(inherited) @executable_path/Frameworks @loader_path/Frameworks";
				PRODUCT_BUNDLE_IDENTIFIER = "com.a-tek.stack-views-exerciseUITests";
				PRODUCT_NAME = "$(TARGET_NAME)";
				TEST_TARGET_NAME = "stack-views-exercise";
				USES_XCTRUNNER = YES;
			};
			name = Debug;
		};
		2F331FAD1C73C4E9003A9595 /* Release */ = {
			isa = XCBuildConfiguration;
			buildSettings = {
				INFOPLIST_FILE = "stack-views-exerciseUITests/Info.plist";
				LD_RUNPATH_SEARCH_PATHS = "$(inherited) @executable_path/Frameworks @loader_path/Frameworks";
				PRODUCT_BUNDLE_IDENTIFIER = "com.a-tek.stack-views-exerciseUITests";
				PRODUCT_NAME = "$(TARGET_NAME)";
				TEST_TARGET_NAME = "stack-views-exercise";
				USES_XCTRUNNER = YES;
			};
			name = Release;
		};
/* End XCBuildConfiguration section */

/* Begin XCConfigurationList section */
		2F331F781C73C4E8003A9595 /* Build configuration list for PBXProject "stack-views-exercise" */ = {
			isa = XCConfigurationList;
			buildConfigurations = (
				2F331FA31C73C4E9003A9595 /* Debug */,
				2F331FA41C73C4E9003A9595 /* Release */,
			);
			defaultConfigurationIsVisible = 0;
			defaultConfigurationName = Release;
		};
		2F331FA51C73C4E9003A9595 /* Build configuration list for PBXNativeTarget "stack-views-exercise" */ = {
			isa = XCConfigurationList;
			buildConfigurations = (
				2F331FA61C73C4E9003A9595 /* Debug */,
				2F331FA71C73C4E9003A9595 /* Release */,
			);
			defaultConfigurationIsVisible = 0;
		};
		2F331FA81C73C4E9003A9595 /* Build configuration list for PBXNativeTarget "stack-views-exerciseTests" */ = {
			isa = XCConfigurationList;
			buildConfigurations = (
				2F331FA91C73C4E9003A9595 /* Debug */,
				2F331FAA1C73C4E9003A9595 /* Release */,
			);
			defaultConfigurationIsVisible = 0;
		};
		2F331FAB1C73C4E9003A9595 /* Build configuration list for PBXNativeTarget "stack-views-exerciseUITests" */ = {
			isa = XCConfigurationList;
			buildConfigurations = (
				2F331FAC1C73C4E9003A9595 /* Debug */,
				2F331FAD1C73C4E9003A9595 /* Release */,
			);
			defaultConfigurationIsVisible = 0;
		};
/* End XCConfigurationList section */
	};
	rootObject = 2F331F751C73C4E8003A9595 /* Project object */;
}
